
Microsoft Visual Studio Solution File, Format Version 12.00
# Visual Studio Version 17
VisualStudioVersion = 17.8.34525.116
MinimumVisualStudioVersion = 10.0.40219.1
Project("{FAE04EC0-301F-11D3-BF4B-00C04F79EFBC}") = "WakeUpCall", "WakeUpCall\WakeUpCall.csproj", "{612447A4-E2FA-4823-B611-859C0B014EC3}"
EndProject
Global
	GlobalSection(SolutionConfigurationPlatforms) = preSolution
		Debug|Any CPU = Debug|Any CPU
		Release|Any CPU = Release|Any CPU
	EndGlobalSection
	GlobalSection(ProjectConfigurationPlatforms) = postSolution
		{612447A4-E2FA-4823-B611-859C0B014EC3}.Debug|Any CPU.ActiveCfg = Debug|Any CPU
		{612447A4-E2FA-4823-B611-859C0B014EC3}.Debug|Any CPU.Build.0 = Debug|Any CPU
		{612447A4-E2FA-4823-B611-859C0B014EC3}.Debug|Any CPU.Deploy.0 = Debug|Any CPU
		{612447A4-E2FA-4823-B611-859C0B014EC3}.Release|Any CPU.ActiveCfg = Release|Any CPU
		{612447A4-E2FA-4823-B611-859C0B014EC3}.Release|Any CPU.Build.0 = Release|Any CPU
		{612447A4-E2FA-4823-B611-859C0B014EC3}.Release|Any CPU.Deploy.0 = Release|Any CPU
	EndGlobalSection
	GlobalSection(SolutionProperties) = preSolution
		HideSolutionNode = FALSE
	EndGlobalSection
	GlobalSection(ExtensibilityGlobals) = postSolution
		SolutionGuid = {62748A9A-D029-4E85-B3A2-95FBAAF2CCE8}
	EndGlobalSection
EndGlobal
